github.com/go-ole/go-ole v1.3.0 h1:Dt6ye7+vXGIKZ7Xtk4s6/xVdGDQynvom7xCFEdWr6uE=
github.com/go-ole/go-ole v1.3.0/go.mod h1:5LS6F96DhAwUc7C+1HLexzMXY1xGRSryjyPPKW6zv78=
github.com/google/uuid v1.6.0 h1:NIvaJDMOsjHA8n1jAhLSgzrAzy1Hgr+hNrb57e+94F0=
github.com/google/uuid v1.6.0/go.mod h1:TIyPZe4MgqvfeYDBFedMoGGpEw/LqOeaOT+nhxU+yHo=
github.com/scjalliance/comshim v0.0.0-20260808212102-9fa4e0fd1400 h1:CfmTkvgmycyRCc1YEnvjpR3cOmve7VIStjJ9xozmlzQ=
github.com/scjalliance/comshim v0.0.0-20260808212102-9fa4e0fd1400/go.mod h1:gZqm/OaHgl9wzSQ3cuGelG5713uS7l71SIzIb5Jc14Y=
github.com/scjalliance/comutil v0.0.0-20260808212255-b48931396468 h1:QYsfGU7v3qI5/WxhABKD38qp11OG6VymJrdRELrBY0U=
github.com/scjalliance/comutil v0.0.0-20260808212255-b48931396468/go.mod h1:SbbFknDDcfrGPXMw1WUUVrjl5qtvlNpzMP+9RJhUtMs=
golang.org/x/sys v0.1.0/go.mod h1:oPkhp1MJrh7nUepCBck5+mAzfO9JrbApNNgaTdGDITg=
golang.org/x/sys v0.47.0 h1:o7XGOvZQCADBQQ4Y7VNq2dRWQR7JmOUW8Kxx4ZsNgWs=
golang.org/x/sys v0.47.0/go.mod h1:4GL1E5IUh+htKOUEOaiffhrAeqysfVGipDYzABqnCmw=
